dependencies:
  espressif/cjson:
    component_hash: e788323270d90738662d66fffa910bfe1fba019bba087f01557e70c40485b469
    dependencies:
    - name: idf
      require: private
      version: '>=5.0'
    source:
      registry_url: https://components.espressif.com/
      type: service
    version: 1.7.19~2
  espressif/esp_audio_codec:
    component_hash: 16e2880dbdd5a72264051f750f33a6e5a38fd25621c83e3a32a85a152d2d2643
    dependencies:
    - name: idf
      require: private
      version: '>=4.4'
    source:
      registry_url: https://components.espressif.com/
      type: service
    version: 2.5.0
  espressif/esp_websocket_client:
    component_hash: 3fb288702517ef4d75bf933a115f1056ee0c2540d964f9e1d856e0bb67e1dfeb
    dependencies:
    - name: idf
      require: private
      version: '>=5.0'
    source:
      registry_url: https://components.espressif.com/
      type: service
    version: 1.7.0
  idf:
    source:
      type: idf
    version: 6.0.2
direct_dependencies:
- espressif/cjson
- espressif/esp_audio_codec
- espressif/esp_websocket_client
manifest_hash: 82eee388287a0301eb8fdcdb8e9b0b3d4037a031142242e33e285789dde19009
target: esp32s3
version: 3.0.0
